
Microsoft Visual Studio Solution File, Format Version 12.00
# Visual Studio Version 17
VisualStudioVersion = 17.9.34723.18
MinimumVisualStudioVersion = 10.0.40219.1
Project("{9A19103F-16F7-4668-BE54-9A1E7A4F7556}") = "porn-prueba", "porn-prueba\porn-prueba.csproj", "{D7564B6D-1298-4705-8772-A68706706EAF}"
EndProject
Global
	GlobalSection(SolutionConfigurationPlatforms) = preSolution
		Debug|Any CPU = Debug|Any CPU
		Release|Any CPU = Release|Any CPU
	EndGlobalSection
	GlobalSection(ProjectConfigurationPlatforms) = postSolution
		{D7564B6D-1298-4705-8772-A68706706EAF}.Debug|Any CPU.ActiveCfg = Debug|Any CPU
		{D7564B6D-1298-4705-8772-A68706706EAF}.Debug|Any CPU.Build.0 = Debug|Any CPU
		{D7564B6D-1298-4705-8772-A68706706EAF}.Release|Any CPU.ActiveCfg = Release|Any CPU
		{D7564B6D-1298-4705-8772-A68706706EAF}.Release|Any CPU.Build.0 = Release|Any CPU
	EndGlobalSection
	GlobalSection(SolutionProperties) = preSolution
		HideSolutionNode = FALSE
	EndGlobalSection
	GlobalSection(ExtensibilityGlobals) = postSolution
		SolutionGuid = {C2D26940-C083-44FE-A96F-F781A6637AC0}
	EndGlobalSection
EndGlobal
